
Microsoft Visual Studio Solution File, Format Version 12.00
# Visual Studio 15
VisualStudioVersion = 15.0.27004.2005
MinimumVisualStudioVersion = 10.0.40219.1
Project("{FAE04EC0-301F-11D3-BF4B-00C04F79EFBC}") = "Test_app", "Test_app\Test_app.csproj", "{BDD6B665-601E-4519-AF7A-BF347974621D}"
EndProject
Global
	GlobalSection(SolutionConfigurationPlatforms) = preSolution
		Debug|Any CPU = Debug|Any CPU
		Release|Any CPU = Release|Any CPU
	EndGlobalSection
	GlobalSection(ProjectConfigurationPlatforms) = postSolution
		{BDD6B665-601E-4519-AF7A-BF347974621D}.Debug|Any CPU.ActiveCfg = Debug|Any CPU
		{BDD6B665-601E-4519-AF7A-BF347974621D}.Debug|Any CPU.Build.0 = Debug|Any CPU
		{BDD6B665-601E-4519-AF7A-BF347974621D}.Release|Any CPU.ActiveCfg = Release|Any CPU
		{BDD6B665-601E-4519-AF7A-BF347974621D}.Release|Any CPU.Build.0 = Release|Any CPU
	EndGlobalSection
	GlobalSection(SolutionProperties) = preSolution
		HideSolutionNode = FALSE
	EndGlobalSection
	GlobalSection(ExtensibilityGlobals) = postSolution
		SolutionGuid = {BC3BF089-9FB5-48BE-874A-7F3E927F05B2}
	EndGlobalSection
EndGlobal
